
Microsoft Visual Studio Solution File, Format Version 12.00
# Visual Studio Version 16
VisualStudioVersion = 16.0.32929.386
MinimumVisualStudioVersion = 10.0.40219.1
Project("{FAE04EC0-301F-11D3-BF4B-00C04F79EFBC}") = "SDE_API_X", "SDE_API_X\SDE_API_X.csproj", "{6927C0E4-7C51-4508-98CF-B175AE3AC2AD}"
EndProject
Global
	GlobalSection(SolutionConfigurationPlatforms) = preSolution
		Debug|Any CPU = Debug|Any CPU
		Release|Any CPU = Release|Any CPU
	EndGlobalSection
	GlobalSection(ProjectConfigurationPlatforms) = postSolution
		{6927C0E4-7C51-4508-98CF-B175AE3AC2AD}.Debug|Any CPU.ActiveCfg = Debug|Any CPU
		{6927C0E4-7C51-4508-98CF-B175AE3AC2AD}.Debug|Any CPU.Build.0 = Debug|Any CPU
		{6927C0E4-7C51-4508-98CF-B175AE3AC2AD}.Release|Any CPU.ActiveCfg = Release|Any CPU
		{6927C0E4-7C51-4508-98CF-B175AE3AC2AD}.Release|Any CPU.Build.0 = Release|Any CPU
	EndGlobalSection
	GlobalSection(SolutionProperties) = preSolution
		HideSolutionNode = FALSE
	EndGlobalSection
	GlobalSection(ExtensibilityGlobals) = postSolution
		SolutionGuid = {71417E00-65F0-487E-8A0D-3373E5495A7F}
	EndGlobalSection
EndGlobal
